
Microsoft Visual Studio Solution File, Format Version 12.00
# Visual Studio Version 16
VisualStudioVersion = 16.0.30002.166
MinimumVisualStudioVersion = 10.0.40219.1
Project("{9A19103F-16F7-4668-BE54-9A1E7A4F7556}") = "Extensibility", "Extensibility\Extensibility.csproj", "{A21A582B-A4FC-4798-9A6C-7C75A1778B9A}"
EndProject
Global
	GlobalSection(SolutionConfigurationPlatforms) = preSolution
		Debug|Any CPU = Debug|Any CPU
		Release|Any CPU = Release|Any CPU
	EndGlobalSection
	GlobalSection(ProjectConfigurationPlatforms) = postSolution
		{A21A582B-A4FC-4798-9A6C-7C75A1778B9A}.Debug|Any CPU.ActiveCfg = Debug|Any CPU
		{A21A582B-A4FC-4798-9A6C-7C75A1778B9A}.Debug|Any CPU.Build.0 = Debug|Any CPU
		{A21A582B-A4FC-4798-9A6C-7C75A1778B9A}.Release|Any CPU.ActiveCfg = Release|Any CPU
		{A21A582B-A4FC-4798-9A6C-7C75A1778B9A}.Release|Any CPU.Build.0 = Release|Any CPU
	EndGlobalSection
	GlobalSection(SolutionProperties) = preSolution
		HideSolutionNode = FALSE
	EndGlobalSection
	GlobalSection(ExtensibilityGlobals) = postSolution
		SolutionGuid = {B8FC5C41-1610-4F16-A400-5B388A576D85}
	EndGlobalSection
EndGlobal
