
Microsoft Visual Studio Solution File, Format Version 12.00
# Visual Studio Version 16
VisualStudioVersion = 16.0.30002.166
MinimumVisualStudioVersion = 10.0.40219.1
Project("{9A19103F-16F7-4668-BE54-9A1E7A4F7556}") = "Testability", "Testability\Testability.csproj", "{B328BC20-93EE-47B4-A572-CDFF5E5FD686}"
EndProject
Global
	GlobalSection(SolutionConfigurationPlatforms) = preSolution
		Debug|Any CPU = Debug|Any CPU
		Release|Any CPU = Release|Any CPU
	EndGlobalSection
	GlobalSection(ProjectConfigurationPlatforms) = postSolution
		{B328BC20-93EE-47B4-A572-CDFF5E5FD686}.Debug|Any CPU.ActiveCfg = Debug|Any CPU
		{B328BC20-93EE-47B4-A572-CDFF5E5FD686}.Debug|Any CPU.Build.0 = Debug|Any CPU
		{B328BC20-93EE-47B4-A572-CDFF5E5FD686}.Release|Any CPU.ActiveCfg = Release|Any CPU
		{B328BC20-93EE-47B4-A572-CDFF5E5FD686}.Release|Any CPU.Build.0 = Release|Any CPU
	EndGlobalSection
	GlobalSection(SolutionProperties) = preSolution
		HideSolutionNode = FALSE
	EndGlobalSection
	GlobalSection(ExtensibilityGlobals) = postSolution
		SolutionGuid = {38304BA5-23E8-4B9B-BCAE-A869C8E95D91}
	EndGlobalSection
EndGlobal
